
Microsoft Visual Studio Solution File, Format Version 12.00
# Visual Studio Version 16
VisualStudioVersion = 16.0.29411.108
MinimumVisualStudioVersion = 10.0.40219.1
Project("{FAE04EC0-301F-11D3-BF4B-00C04F79EFBC}") = "WebAssembly4", "WebAssembly4.csproj", "{1E5F4130-D126-426A-9684-299DE2C1DC7A}"
EndProject
Global
	GlobalSection(SolutionConfigurationPlatforms) = preSolution
		Debug|Any CPU = Debug|Any CPU
		Release|Any CPU = Release|Any CPU
	EndGlobalSection
	GlobalSection(ProjectConfigurationPlatforms) = postSolution
		{1E5F4130-D126-426A-9684-299DE2C1DC7A}.Debug|Any CPU.ActiveCfg = Debug|Any CPU
		{1E5F4130-D126-426A-9684-299DE2C1DC7A}.Debug|Any CPU.Build.0 = Debug|Any CPU
		{1E5F4130-D126-426A-9684-299DE2C1DC7A}.Release|Any CPU.ActiveCfg = Release|Any CPU
		{1E5F4130-D126-426A-9684-299DE2C1DC7A}.Release|Any CPU.Build.0 = Release|Any CPU
	EndGlobalSection
	GlobalSection(SolutionProperties) = preSolution
		HideSolutionNode = FALSE
	EndGlobalSection
	GlobalSection(ExtensibilityGlobals) = postSolution
		SolutionGuid = {4EDC6AFF-B2CC-4227-89E5-DA02AF8C9107}
	EndGlobalSection
EndGlobal
